
Microsoft Visual Studio Solution File, Format Version 12.00
# Visual Studio Version 16
VisualStudioVersion = 16.0.28922.388
MinimumVisualStudioVersion = 10.0.40219.1
Project("{9A19103F-16F7-4668-BE54-9A1E7A4F7556}") = "RSSWebAPI", "WebApplication1\RSSWebAPI.csproj", "{80D9D320-12CC-46EB-AFA8-5B2445ED6767}"
EndProject
Project("{9A19103F-16F7-4668-BE54-9A1E7A4F7556}") = "CommonLib", "CommonLib\CommonLib.csproj", "{F18C9FDA-1980-49F9-B98C-A31EECBBCD61}"
EndProject
Project("{FAE04EC0-301F-11D3-BF4B-00C04F79EFBC}") = "RSSDal", "RSSDal\RSSDal.csproj", "{0D8F4511-1653-422F-AD13-D46DB970EBFB}"
EndProject
Global
	GlobalSection(SolutionConfigurationPlatforms) = preSolution
		Debug|Any CPU = Debug|Any CPU
		Release|Any CPU = Release|Any CPU
	EndGlobalSection
	GlobalSection(ProjectConfigurationPlatforms) = postSolution
		{80D9D320-12CC-46EB-AFA8-5B2445ED6767}.Debug|Any CPU.ActiveCfg = Debug|Any CPU
		{80D9D320-12CC-46EB-AFA8-5B2445ED6767}.Debug|Any CPU.Build.0 = Debug|Any CPU
		{80D9D320-12CC-46EB-AFA8-5B2445ED6767}.Release|Any CPU.ActiveCfg = Release|Any CPU
		{80D9D320-12CC-46EB-AFA8-5B2445ED6767}.Release|Any CPU.Build.0 = Release|Any CPU
		{F18C9FDA-1980-49F9-B98C-A31EECBBCD61}.Debug|Any CPU.ActiveCfg = Debug|Any CPU
		{F18C9FDA-1980-49F9-B98C-A31EECBBCD61}.Debug|Any CPU.Build.0 = Debug|Any CPU
		{F18C9FDA-1980-49F9-B98C-A31EECBBCD61}.Release|Any CPU.ActiveCfg = Release|Any CPU
		{F18C9FDA-1980-49F9-B98C-A31EECBBCD61}.Release|Any CPU.Build.0 = Release|Any CPU
		{0D8F4511-1653-422F-AD13-D46DB970EBFB}.Debug|Any CPU.ActiveCfg = Debug|Any CPU
		{0D8F4511-1653-422F-AD13-D46DB970EBFB}.Debug|Any CPU.Build.0 = Debug|Any CPU
		{0D8F4511-1653-422F-AD13-D46DB970EBFB}.Release|Any CPU.ActiveCfg = Release|Any CPU
		{0D8F4511-1653-422F-AD13-D46DB970EBFB}.Release|Any CPU.Build.0 = Release|Any CPU
	EndGlobalSection
	GlobalSection(SolutionProperties) = preSolution
		HideSolutionNode = FALSE
	EndGlobalSection
	GlobalSection(ExtensibilityGlobals) = postSolution
		SolutionGuid = {95BA8CF4-6066-4788-8E07-9FE0B390653C}
	EndGlobalSection
EndGlobal
